
Microsoft Visual Studio Solution File, Format Version 12.00
Project("{FAE04EC0-301F-11D3-BF4B-00C04F79EFBC}") = "Linq.Chunk", "Linq.Chunk\Linq.Chunk.csproj", "{FD2A4C61-E016-49B5-8F8A-96DD34DC98A0}"
EndProject
Project("{2150E333-8FDC-42A3-9474-1A3956D46DE8}") = "Solution Items", "Solution Items", "{517ECF82-ECAF-449B-A674-72FCF07128F7}"
	ProjectSection(SolutionItems) = preProject
		docker-compose.yml = docker-compose.yml
	EndProjectSection
EndProject
Global
	GlobalSection(SolutionConfigurationPlatforms) = preSolution
		Debug|Any CPU = Debug|Any CPU
		Release|Any CPU = Release|Any CPU
	EndGlobalSection
	GlobalSection(ProjectConfigurationPlatforms) = postSolution
		{FD2A4C61-E016-49B5-8F8A-96DD34DC98A0}.Debug|Any CPU.ActiveCfg = Debug|Any CPU
		{FD2A4C61-E016-49B5-8F8A-96DD34DC98A0}.Debug|Any CPU.Build.0 = Debug|Any CPU
		{FD2A4C61-E016-49B5-8F8A-96DD34DC98A0}.Release|Any CPU.ActiveCfg = Release|Any CPU
		{FD2A4C61-E016-49B5-8F8A-96DD34DC98A0}.Release|Any CPU.Build.0 = Release|Any CPU
	EndGlobalSection
EndGlobal
